
Microsoft Visual Studio Solution File, Format Version 12.00
# Visual Studio Version 17
VisualStudioVersion = 17.9.34902.65
MinimumVisualStudioVersion = 10.0.40219.1
Project("{FAE04EC0-301F-11D3-BF4B-00C04F79EFBC}") = "07. Vehicle Catalog", "07. Vehicle Catalog.csproj", "{7253A349-FF0A-4A42-AABA-9E3255DC2693}"
EndProject
Global
	GlobalSection(SolutionConfigurationPlatforms) = preSolution
		Debug|Any CPU = Debug|Any CPU
		Release|Any CPU = Release|Any CPU
	EndGlobalSection
	GlobalSection(ProjectConfigurationPlatforms) = postSolution
		{7253A349-FF0A-4A42-AABA-9E3255DC2693}.Debug|Any CPU.ActiveCfg = Debug|Any CPU
		{7253A349-FF0A-4A42-AABA-9E3255DC2693}.Debug|Any CPU.Build.0 = Debug|Any CPU
		{7253A349-FF0A-4A42-AABA-9E3255DC2693}.Release|Any CPU.ActiveCfg = Release|Any CPU
		{7253A349-FF0A-4A42-AABA-9E3255DC2693}.Release|Any CPU.Build.0 = Release|Any CPU
	EndGlobalSection
	GlobalSection(SolutionProperties) = preSolution
		HideSolutionNode = FALSE
	EndGlobalSection
	GlobalSection(ExtensibilityGlobals) = postSolution
		SolutionGuid = {1226B129-000A-4225-BE5C-543A7E619F42}
	EndGlobalSection
EndGlobal
